{
    "_readme": [
        "This file locks the dependencies of your project to a known state",
        "Read more about it at https://getcomposer.org/doc/01-basic-usage.md#installing-dependencies",
        "This file is @generated automatically"
    ],
    "content-hash": "7472269e70615b4f88c0845a0d98da7b",
    "packages": [
        {
            "name": "zeroad.network/token",
            "version": "0.13.12",
            "source": {
                "type": "git",
                "url": "https://github.com/laurynas-karvelis/zeroad-token-php.git",
                "reference": "71049049d42c3797db27af2bc4535a8ac80801a1"
            },
            "dist": {
                "type": "zip",
                "url": "https://api.github.com/repos/laurynas-karvelis/zeroad-token-php/zipball/71049049d42c3797db27af2bc4535a8ac80801a1",
                "reference": "71049049d42c3797db27af2bc4535a8ac80801a1",
                "shasum": ""
            },
            "require": {
                "ext-sodium": "*",
                "php": ">=7.2.0"
            },
            "require-dev": {
                "phpunit/phpunit": "^8.5"
            },
            "type": "library",
            "autoload": {
                "psr-4": {
                    "ZeroAd\\Token\\": "src/"
                }
            },
            "notification-url": "https://packagist.org/downloads/",
            "license": [
                "Apache-2.0"
            ],
            "authors": [
                {
                    "name": "Laurynas Karvelis <Explosive Brains Ltd>",
                    "email": "hello@zeroad.network",
                    "homepage": "http://zeroad.network",
                    "role": "Developer"
                }
            ],
            "description": "An HTTP-header-based \"access / entitlement token\" library for Zero Ad Network partnering sites using PHP",
            "homepage": "http://zeroad.network",
            "keywords": [
                "HTTP-header",
                "access-token",
                "ad-free",
                "ads-free",
                "api",
                "auth",
                "authorization",
                "composer",
                "content-access",
                "entitlement",
                "feature-flags",
                "middleware",
                "paywall",
                "php",
                "sodium",
                "subscription",
                "token",
                "web-server",
                "welcome-header",
                "zero-ad",
                "zeroad"
            ],
            "support": {
                "issues": "https://github.com/laurynas-karvelis/zeroad-token-php/issues",
                "source": "https://github.com/laurynas-karvelis/zeroad-token-php/tree/0.13.12"
            },
            "time": "2025-12-11T01:07:04+00:00"
        }
    ],
    "packages-dev": [],
    "aliases": [],
    "minimum-stability": "stable",
    "stability-flags": {},
    "prefer-stable": false,
    "prefer-lowest": false,
    "platform": {
        "php": ">=7.2",
        "ext-sodium": "*"
    },
    "platform-dev": {},
    "plugin-api-version": "2.9.0"
}
